// !$*UTF8*$!
{
	archiveVersion = 1;
	classes = {
	};
	objectVersion = 56;
	objects = {

/* Begin PBXBuildFile section */
		4104801F2AD26EFC00E1FD59 /* plant_info.csv in Resources */ = {isa = PBXBuildFile; fileRef = 4104801E2AD26EFC00E1FD59 /* plant_info.csv */; };
		413930AE2A8CF3FF003EAE29 /* AppDelegate.swift in Sources */ = {isa = PBXBuildFile; fileRef = 413930AD2A8CF3FF003EAE29 /* AppDelegate.swift */; };
		413930B02A8CF3FF003EAE29 /* SceneDelegate.swift in Sources */ = {isa = PBXBuildFile; fileRef = 413930AF2A8CF3FF003EAE29 /* SceneDelegate.swift */; };
		413930B72A8CF400003EAE29 /* Assets.xcassets in Resources */ = {isa = PBXBuildFile; fileRef = 413930B62A8CF400003EAE29 /* Assets.xcassets */; };
		413930BA2A8CF400003EAE29 /* LaunchScreen.storyboard in Resources */ = {isa = PBXBuildFile; fileRef = 413930B82A8CF400003EAE29 /* LaunchScreen.storyboard */; };
		4181B6B62AACA2FF00120FB5 /* AddCharacterViewController.swift in Sources */ = {isa = PBXBuildFile; fileRef = 4181B6B52AACA2FF00120FB5 /* AddCharacterViewController.swift */; };
		4181B6B92AACA34B00120FB5 /* PanModal in Frameworks */ = {isa = PBXBuildFile; productRef = 4181B6B82AACA34B00120FB5 /* PanModal */; };
		4181B6BB2AACA37800120FB5 /* CharacterCollectionViewCell.xib in Resources */ = {isa = PBXBuildFile; fileRef = 4181B6BA2AACA37800120FB5 /* CharacterCollectionViewCell.xib */; };
		4181B6BD2AACA3F800120FB5 /* CharacterCollectionViewCell.swift in Sources */ = {isa = PBXBuildFile; fileRef = 4181B6BC2AACA3F800120FB5 /* CharacterCollectionViewCell.swift */; };
		4181B6C42AACA73A00120FB5 /* GlobalMainCharacter.swift in Sources */ = {isa = PBXBuildFile; fileRef = 4181B6C32AACA73A00120FB5 /* GlobalMainCharacter.swift */; };
		4181B6C62AAD9A4600120FB5 /* GlobalSpeechCharacter.swift in Sources */ = {isa = PBXBuildFile; fileRef = 4181B6C52AAD9A4600120FB5 /* GlobalSpeechCharacter.swift */; };
		4181B6C82AADA61300120FB5 /* GlobalCharacter.swift in Sources */ = {isa = PBXBuildFile; fileRef = 4181B6C72AADA61300120FB5 /* GlobalCharacter.swift */; };
		41862C1E2AA7AB5F00F98438 /* AddPlantViewController.swift in Sources */ = {isa = PBXBuildFile; fileRef = 41862C1D2AA7AB5F00F98438 /* AddPlantViewController.swift */; };
		41A9D2DE2ABEC75000216ACC /* MyTableViewCell.swift in Sources */ = {isa = PBXBuildFile; fileRef = 41A9D2DD2ABEC75000216ACC /* MyTableViewCell.swift */; };
		41A9D2E02ABEC7A400216ACC /* YourTableViewCell.swift in Sources */ = {isa = PBXBuildFile; fileRef = 41A9D2DF2ABEC7A400216ACC /* YourTableViewCell.swift */; };
		41A9D2E42ABEC9CD00216ACC /* SnapKit in Frameworks */ = {isa = PBXBuildFile; productRef = 41A9D2E32ABEC9CD00216ACC /* SnapKit */; };
		41A9D2E72ACD3F1600216ACC /* SearchView.swift in Sources */ = {isa = PBXBuildFile; fileRef = 41A9D2E62ACD3F1600216ACC /* SearchView.swift */; };
		41A9D2E92ACD3F2600216ACC /* SearchViewModel.swift in Sources */ = {isa = PBXBuildFile; fileRef = 41A9D2E82ACD3F2600216ACC /* SearchViewModel.swift */; };
		41A9D2EB2ACD3F3800216ACC /* SarchTableViewCell.swift in Sources */ = {isa = PBXBuildFile; fileRef = 41A9D2EA2ACD3F3800216ACC /* SarchTableViewCell.swift */; };
		41A9D2F02ACD3FFD00216ACC /* SearchDetailViewController.swift in Sources */ = {isa = PBXBuildFile; fileRef = 41A9D2EF2ACD3FFD00216ACC /* SearchDetailViewController.swift */; };
		41A9D2F22ACD400600216ACC /* SearchDetailView.swift in Sources */ = {isa = PBXBuildFile; fileRef = 41A9D2F12ACD400600216ACC /* SearchDetailView.swift */; };
		41A9D2F42ACD400F00216ACC /* SearchDetailViewModel.swift in Sources */ = {isa = PBXBuildFile; fileRef = 41A9D2F32ACD400F00216ACC /* SearchDetailViewModel.swift */; };
		41A9D2F62ACD401600216ACC /* SearchDetailTableViewCell.swift in Sources */ = {isa = PBXBuildFile; fileRef = 41A9D2F52ACD401600216ACC /* SearchDetailTableViewCell.swift */; };
		41A9D3032ACD453200216ACC /* RxBlocking in Frameworks */ = {isa = PBXBuildFile; productRef = 41A9D3022ACD453200216ACC /* RxBlocking */; };
		41A9D3052ACD453200216ACC /* RxCocoa in Frameworks */ = {isa = PBXBuildFile; productRef = 41A9D3042ACD453200216ACC /* RxCocoa */; };
		41A9D3072ACD453200216ACC /* RxRelay in Frameworks */ = {isa = PBXBuildFile; productRef = 41A9D3062ACD453200216ACC /* RxRelay */; };
		41A9D3092ACD453200216ACC /* RxSwift in Frameworks */ = {isa = PBXBuildFile; productRef = 41A9D3082ACD453200216ACC /* RxSwift */; };
		41A9D30E2ACD456300216ACC /* Kingfisher in Frameworks */ = {isa = PBXBuildFile; productRef = 41A9D30D2ACD456300216ACC /* Kingfisher */; };
		41A9D3112ACD46DA00216ACC /* MyPageView.swift in Sources */ = {isa = PBXBuildFile; fileRef = 41A9D3102ACD46DA00216ACC /* MyPageView.swift */; };
		41A9D3132ACD46E200216ACC /* MyPageTableViewCell.swift in Sources */ = {isa = PBXBuildFile; fileRef = 41A9D3122ACD46E200216ACC /* MyPageTableViewCell.swift */; };
		41A9D3152ACD46EA00216ACC /* MyPageViewModel.swift in Sources */ = {isa = PBXBuildFile; fileRef = 41A9D3142ACD46EA00216ACC /* MyPageViewModel.swift */; };
		41A9D3182ACE58CE00216ACC /* bookmark_on.png in Resources */ = {isa = PBXBuildFile; fileRef = 41A9D3172ACE58CE00216ACC /* bookmark_on.png */; };
		41A9D31A2ACE58D600216ACC /* bookmark.png in Resources */ = {isa = PBXBuildFile; fileRef = 41A9D3192ACE58D600216ACC /* bookmark.png */; };
		41A9D31F2ACE5BCC00216ACC /* Qutile.swift in Sources */ = {isa = PBXBuildFile; fileRef = 41A9D31E2ACE5BCC00216ACC /* Qutile.swift */; };
		41A9D3212ACE5C2A00216ACC /* ResponseModel.swift in Sources */ = {isa = PBXBuildFile; fileRef = 41A9D3202ACE5C2A00216ACC /* ResponseModel.swift */; };
		41A9D3272ACE770B00216ACC /* Moya in Frameworks */ = {isa = PBXBuildFile; productRef = 41A9D3262ACE770B00216ACC /* Moya */; };
		41A9D32A2ACE771500216ACC /* Alamofire in Frameworks */ = {isa = PBXBuildFile; productRef = 41A9D3292ACE771500216ACC /* Alamofire */; };
		41B7C6BD2A92459900FC188D /* SpeechViewController.swift in Sources */ = {isa = PBXBuildFile; fileRef = 41B7C6BC2A92459900FC188D /* SpeechViewController.swift */; };
		41EF6B922A92421D001460F1 /* LoginViewController.swift in Sources */ = {isa = PBXBuildFile; fileRef = 41EF6B912A92421D001460F1 /* LoginViewController.swift */; };
		41FC4E2E2A924AFF000A018E /* TargetType.swift in Sources */ = {isa = PBXBuildFile; fileRef = 41FC4E2D2A924AFF000A018E /* TargetType.swift */; };
		41FC4E342A924D18000A018E /* Auth.swift in Sources */ = {isa = PBXBuildFile; fileRef = 41FC4E332A924D18000A018E /* Auth.swift */; };
		41FC4E362A924D31000A018E /* PostLogin.swift in Sources */ = {isa = PBXBuildFile; fileRef = 41FC4E352A924D31000A018E /* PostLogin.swift */; };
		41FC4E382A924D60000A018E /* PostNewUser.swift in Sources */ = {isa = PBXBuildFile; fileRef = 41FC4E372A924D60000A018E /* PostNewUser.swift */; };
		41FC4E3A2A9B1648000A018E /* PostNickName.swift in Sources */ = {isa = PBXBuildFile; fileRef = 41FC4E392A9B1648000A018E /* PostNickName.swift */; };
		41FC4E3C2A9B1656000A018E /* SpeechReturn.swift in Sources */ = {isa = PBXBuildFile; fileRef = 41FC4E3B2A9B1656000A018E /* SpeechReturn.swift */; };
		41FC4E3E2A9B168C000A018E /* WeatherManager.swift in Sources */ = {isa = PBXBuildFile; fileRef = 41FC4E3D2A9B168C000A018E /* WeatherManager.swift */; };
		41FC4E402A9B169F000A018E /* WeatherModel.swift in Sources */ = {isa = PBXBuildFile; fileRef = 41FC4E3F2A9B169F000A018E /* WeatherModel.swift */; };
		41FC4E422A9B16AE000A018E /* WeatherData.swift in Sources */ = {isa = PBXBuildFile; fileRef = 41FC4E412A9B16AE000A018E /* WeatherData.swift */; };
		41FC4E462A9B9F70000A018E /* RegisterViewController.swift in Sources */ = {isa = PBXBuildFile; fileRef = 41FC4E452A9B9F70000A018E /* RegisterViewController.swift */; };
		41FC4E4A2AA04932000A018E /* Main.storyboard in Resources */ = {isa = PBXBuildFile; fileRef = 41FC4E492AA04932000A018E /* Main.storyboard */; };
		41FC4E4C2AA4ACBA000A018E /* TabBarViewController.swift in Sources */ = {isa = PBXBuildFile; fileRef = 41FC4E4B2AA4ACBA000A018E /* TabBarViewController.swift */; };
		41FC4E4E2AA4AD70000A018E /* HomeViewController.swift in Sources */ = {isa = PBXBuildFile; fileRef = 41FC4E4D2AA4AD70000A018E /* HomeViewController.swift */; };
		41FC4E502AA4AD83000A018E /* SearchViewController.swift in Sources */ = {isa = PBXBuildFile; fileRef = 41FC4E4F2AA4AD83000A018E /* SearchViewController.swift */; };
		41FC4E522AA4AD8D000A018E /* MyPageViewController.swift in Sources */ = {isa = PBXBuildFile; fileRef = 41FC4E512AA4AD8D000A018E /* MyPageViewController.swift */; };
		52855E752AEA86E900AE4A69 /* SensorViewController.swift in Sources */ = {isa = PBXBuildFile; fileRef = 52855E742AEA86E900AE4A69 /* SensorViewController.swift */; };
		52A3CB632AECE84A00595B73 /* HumidityViewController.swift in Sources */ = {isa = PBXBuildFile; fileRef = 52A3CB622AECE84A00595B73 /* HumidityViewController.swift */; };
		52A3CB652AECE86200595B73 /* LuminosityViewController.swift in Sources */ = {isa = PBXBuildFile; fileRef = 52A3CB642AECE86200595B73 /* LuminosityViewController.swift */; };
		52A3CB672AECE87300595B73 /* MonitoringViewController.swift in Sources */ = {isa = PBXBuildFile; fileRef = 52A3CB662AECE87300595B73 /* MonitoringViewController.swift */; };
		52B5B9FB2AE7EB8800401750 /* SetInfoViewController.swift in Sources */ = {isa = PBXBuildFile; fileRef = 52B5B9FA2AE7EB8800401750 /* SetInfoViewController.swift */; };
		52B5B9FD2AE7EBAC00401750 /* BookmarkListViewController.swift in Sources */ = {isa = PBXBuildFile; fileRef = 52B5B9FC2AE7EBAC00401750 /* BookmarkListViewController.swift */; };
		52B5BA012AE7EBC500401750 /* AppVersionViewController.swift in Sources */ = {isa = PBXBuildFile; fileRef = 52B5BA002AE7EBC500401750 /* AppVersionViewController.swift */; };
		52BC8B542B0506D500E5BAD8 /* MyPlantViewController.swift in Sources */ = {isa = PBXBuildFile; fileRef = 52BC8B532B0506D500E5BAD8 /* MyPlantViewController.swift */; };
		52C75FEC2B067F4500FF229A /* SensorDataModel.swift in Sources */ = {isa = PBXBuildFile; fileRef = 52C75FEB2B067F4500FF229A /* SensorDataModel.swift */; };
		52CCAAFA2AEB1AD00026D3D7 /* TemperatureViewController.swift in Sources */ = {isa = PBXBuildFile; fileRef = 52CCAAF92AEB1AD00026D3D7 /* TemperatureViewController.swift */; };
		52CCAAFC2AEB9A4E0026D3D7 /* sensor.png in Resources */ = {isa = PBXBuildFile; fileRef = 52CCAAFB2AEB9A4E0026D3D7 /* sensor.png */; };
/* End PBXBuildFile section */

/* Begin PBXFileReference section */
		4104801E2AD26EFC00E1FD59 /* plant_info.csv */ = {isa = PBXFileReference; fileEncoding = 4; lastKnownFileType = text; path = plant_info.csv; sourceTree = "<group>"; };
		413930AA2A8CF3FF003EAE29 /* Hey_Groot.app */ = {isa = PBXFileReference; explicitFileType = wrapper.application; includeInIndex = 0; path = Hey_Groot.app; sourceTree = BUILT_PRODUCTS_DIR; };
		413930AD2A8CF3FF003EAE29 /* AppDelegate.swift */ = {isa = PBXFileReference; lastKnownFileType = sourcecode.swift; path = AppDelegate.swift; sourceTree = "<group>"; };
		413930AF2A8CF3FF003EAE29 /* SceneDelegate.swift */ = {isa = PBXFileReference; lastKnownFileType = sourcecode.swift; path = SceneDelegate.swift; sourceTree = "<group>"; };
		413930B62A8CF400003EAE29 /* Assets.xcassets */ = {isa = PBXFileReference; lastKnownFileType = folder.assetcatalog; path = Assets.xcassets; sourceTree = "<group>"; };
		413930B92A8CF400003EAE29 /* Base */ = {isa = PBXFileReference; lastKnownFileType = file.storyboard; name = Base; path = Base.lproj/LaunchScreen.storyboard; sourceTree = "<group>"; };
		413930BB2A8CF400003EAE29 /* Info.plist */ = {isa = PBXFileReference; lastKnownFileType = text.plist.xml; path = Info.plist; sourceTree = "<group>"; };
		4181B6B52AACA2FF00120FB5 /* AddCharacterViewController.swift */ = {isa = PBXFileReference; lastKnownFileType = sourcecode.swift; path = AddCharacterViewController.swift; sourceTree = "<group>"; };
		4181B6BA2AACA37800120FB5 /* CharacterCollectionViewCell.xib */ = {isa = PBXFileReference; lastKnownFileType = file.xib; path = CharacterCollectionViewCell.xib; sourceTree = "<group>"; };
		4181B6BC2AACA3F800120FB5 /* CharacterCollectionViewCell.swift */ = {isa = PBXFileReference; lastKnownFileType = sourcecode.swift; path = CharacterCollectionViewCell.swift; sourceTree = "<group>"; };
		4181B6C32AACA73A00120FB5 /* GlobalMainCharacter.swift */ = {isa = PBXFileReference; lastKnownFileType = sourcecode.swift; path = GlobalMainCharacter.swift; sourceTree = "<group>"; };
		4181B6C52AAD9A4600120FB5 /* GlobalSpeechCharacter.swift */ = {isa = PBXFileReference; lastKnownFileType = sourcecode.swift; path = GlobalSpeechCharacter.swift; sourceTree = "<group>"; };
		4181B6C72AADA61300120FB5 /* GlobalCharacter.swift */ = {isa = PBXFileReference; lastKnownFileType = sourcecode.swift; path = GlobalCharacter.swift; sourceTree = "<group>"; };
		41862C1D2AA7AB5F00F98438 /* AddPlantViewController.swift */ = {isa = PBXFileReference; lastKnownFileType = sourcecode.swift; path = AddPlantViewController.swift; sourceTree = "<group>"; };
		41A9D2DD2ABEC75000216ACC /* MyTableViewCell.swift */ = {isa = PBXFileReference; lastKnownFileType = sourcecode.swift; path = MyTableViewCell.swift; sourceTree = "<group>"; };
		41A9D2DF2ABEC7A400216ACC /* YourTableViewCell.swift */ = {isa = PBXFileReference; lastKnownFileType = sourcecode.swift; path = YourTableViewCell.swift; sourceTree = "<group>"; };
		41A9D2E62ACD3F1600216ACC /* SearchView.swift */ = {isa = PBXFileReference; lastKnownFileType = sourcecode.swift; path = SearchView.swift; sourceTree = "<group>"; };
		41A9D2E82ACD3F2600216ACC /* SearchViewModel.swift */ = {isa = PBXFileReference; lastKnownFileType = sourcecode.swift; path = SearchViewModel.swift; sourceTree = "<group>"; };
		41A9D2EA2ACD3F3800216ACC /* SarchTableViewCell.swift */ = {isa = PBXFileReference; lastKnownFileType = sourcecode.swift; path = SarchTableViewCell.swift; sourceTree = "<group>"; };
		41A9D2EF2ACD3FFD00216ACC /* SearchDetailViewController.swift */ = {isa = PBXFileReference; lastKnownFileType = sourcecode.swift; path = SearchDetailViewController.swift; sourceTree = "<group>"; };
		41A9D2F12ACD400600216ACC /* SearchDetailView.swift */ = {isa = PBXFileReference; lastKnownFileType = sourcecode.swift; path = SearchDetailView.swift; sourceTree = "<group>"; };
		41A9D2F32ACD400F00216ACC /* SearchDetailViewModel.swift */ = {isa = PBXFileReference; lastKnownFileType = sourcecode.swift; path = SearchDetailViewModel.swift; sourceTree = "<group>"; };
		41A9D2F52ACD401600216ACC /* SearchDetailTableViewCell.swift */ = {isa = PBXFileReference; lastKnownFileType = sourcecode.swift; path = SearchDetailTableViewCell.swift; sourceTree = "<group>"; };
		41A9D3102ACD46DA00216ACC /* MyPageView.swift */ = {isa = PBXFileReference; lastKnownFileType = sourcecode.swift; path = MyPageView.swift; sourceTree = "<group>"; };
		41A9D3122ACD46E200216ACC /* MyPageTableViewCell.swift */ = {isa = PBXFileReference; lastKnownFileType = sourcecode.swift; path = MyPageTableViewCell.swift; sourceTree = "<group>"; };
		41A9D3142ACD46EA00216ACC /* MyPageViewModel.swift */ = {isa = PBXFileReference; lastKnownFileType = sourcecode.swift; path = MyPageViewModel.swift; sourceTree = "<group>"; };
		41A9D3172ACE58CE00216ACC /* bookmark_on.png */ = {isa = PBXFileReference; lastKnownFileType = image.png; path = bookmark_on.png; sourceTree = "<group>"; };
		41A9D3192ACE58D600216ACC /* bookmark.png */ = {isa = PBXFileReference; lastKnownFileType = image.png; path = bookmark.png; sourceTree = "<group>"; };
		41A9D31E2ACE5BCC00216ACC /* Qutile.swift */ = {isa = PBXFileReference; lastKnownFileType = sourcecode.swift; path = Qutile.swift; sourceTree = "<group>"; };
		41A9D3202ACE5C2A00216ACC /* ResponseModel.swift */ = {isa = PBXFileReference; lastKnownFileType = sourcecode.swift; path = ResponseModel.swift; sourceTree = "<group>"; };
		41B7C6BC2A92459900FC188D /* SpeechViewController.swift */ = {isa = PBXFileReference; lastKnownFileType = sourcecode.swift; path = SpeechViewController.swift; sourceTree = "<group>"; };
		41EF6B912A92421D001460F1 /* LoginViewController.swift */ = {isa = PBXFileReference; lastKnownFileType = sourcecode.swift; path = LoginViewController.swift; sourceTree = "<group>"; };
		41FC4E2D2A924AFF000A018E /* TargetType.swift */ = {isa = PBXFileReference; lastKnownFileType = sourcecode.swift; path = TargetType.swift; sourceTree = "<group>"; };
		41FC4E332A924D18000A018E /* Auth.swift */ = {isa = PBXFileReference; lastKnownFileType = sourcecode.swift; path = Auth.swift; sourceTree = "<group>"; };
		41FC4E352A924D31000A018E /* PostLogin.swift */ = {isa = PBXFileReference; lastKnownFileType = sourcecode.swift; path = PostLogin.swift; sourceTree = "<group>"; };
		41FC4E372A924D60000A018E /* PostNewUser.swift */ = {isa = PBXFileReference; lastKnownFileType = sourcecode.swift; path = PostNewUser.swift; sourceTree = "<group>"; };
		41FC4E392A9B1648000A018E /* PostNickName.swift */ = {isa = PBXFileReference; lastKnownFileType = sourcecode.swift; path = PostNickName.swift; sourceTree = "<group>"; };
		41FC4E3B2A9B1656000A018E /* SpeechReturn.swift */ = {isa = PBXFileReference; lastKnownFileType = sourcecode.swift; path = SpeechReturn.swift; sourceTree = "<group>"; };
		41FC4E3D2A9B168C000A018E /* WeatherManager.swift */ = {isa = PBXFileReference; lastKnownFileType = sourcecode.swift; path = WeatherManager.swift; sourceTree = "<group>"; };
		41FC4E3F2A9B169F000A018E /* WeatherModel.swift */ = {isa = PBXFileReference; lastKnownFileType = sourcecode.swift; path = WeatherModel.swift; sourceTree = "<group>"; };
		41FC4E412A9B16AE000A018E /* WeatherData.swift */ = {isa = PBXFileReference; lastKnownFileType = sourcecode.swift; path = WeatherData.swift; sourceTree = "<group>"; };
		41FC4E452A9B9F70000A018E /* RegisterViewController.swift */ = {isa = PBXFileReference; lastKnownFileType = sourcecode.swift; path = RegisterViewController.swift; sourceTree = "<group>"; };
		41FC4E492AA04932000A018E /* Main.storyboard */ = {isa = PBXFileReference; lastKnownFileType = file.storyboard; path = Main.storyboard; sourceTree = "<group>"; };
		41FC4E4B2AA4ACBA000A018E /* TabBarViewController.swift */ = {isa = PBXFileReference; lastKnownFileType = sourcecode.swift; path = TabBarViewController.swift; sourceTree = "<group>"; };
		41FC4E4D2AA4AD70000A018E /* HomeViewController.swift */ = {isa = PBXFileReference; lastKnownFileType = sourcecode.swift; path = HomeViewController.swift; sourceTree = "<group>"; };
		41FC4E4F2AA4AD83000A018E /* SearchViewController.swift */ = {isa = PBXFileReference; lastKnownFileType = sourcecode.swift; path = SearchViewController.swift; sourceTree = "<group>"; };
		41FC4E512AA4AD8D000A018E /* MyPageViewController.swift */ = {isa = PBXFileReference; lastKnownFileType = sourcecode.swift; path = MyPageViewController.swift; sourceTree = "<group>"; };
		52855E742AEA86E900AE4A69 /* SensorViewController.swift */ = {isa = PBXFileReference; lastKnownFileType = sourcecode.swift; path = SensorViewController.swift; sourceTree = "<group>"; };
		52A3CB622AECE84A00595B73 /* HumidityViewController.swift */ = {isa = PBXFileReference; lastKnownFileType = sourcecode.swift; path = HumidityViewController.swift; sourceTree = "<group>"; };
		52A3CB642AECE86200595B73 /* LuminosityViewController.swift */ = {isa = PBXFileReference; lastKnownFileType = sourcecode.swift; path = LuminosityViewController.swift; sourceTree = "<group>"; };
		52A3CB662AECE87300595B73 /* MonitoringViewController.swift */ = {isa = PBXFileReference; lastKnownFileType = sourcecode.swift; path = MonitoringViewController.swift; sourceTree = "<group>"; };
		52B5B9FA2AE7EB8800401750 /* SetInfoViewController.swift */ = {isa = PBXFileReference; fileEncoding = 4; lastKnownFileType = sourcecode.swift; name = SetInfoViewController.swift; path = ../../../../../YuProject/Hey_groot/Hey_Groot/ViewController/SetInfoViewController.swift; sourceTree = "<group>"; };
		52B5B9FC2AE7EBAC00401750 /* BookmarkListViewController.swift */ = {isa = PBXFileReference; fileEncoding = 4; lastKnownFileType = sourcecode.swift; name = BookmarkListViewController.swift; path = ../../../../../YuProject/Hey_groot/Hey_Groot/ViewController/BookmarkListViewController.swift; sourceTree = "<group>"; };
		52B5BA002AE7EBC500401750 /* AppVersionViewController.swift */ = {isa = PBXFileReference; fileEncoding = 4; lastKnownFileType = sourcecode.swift; name = AppVersionViewController.swift; path = ../../../../../YuProject/Hey_groot/Hey_Groot/ViewController/AppVersionViewController.swift; sourceTree = "<group>"; };
		52BC8B532B0506D500E5BAD8 /* MyPlantViewController.swift */ = {isa = PBXFileReference; lastKnownFileType = sourcecode.swift; path = MyPlantViewController.swift; sourceTree = "<group>"; };
		52C75FEB2B067F4500FF229A /* SensorDataModel.swift */ = {isa = PBXFileReference; lastKnownFileType = sourcecode.swift; path = SensorDataModel.swift; sourceTree = "<group>"; };
		52CCAAF92AEB1AD00026D3D7 /* TemperatureViewController.swift */ = {isa = PBXFileReference; lastKnownFileType = sourcecode.swift; path = TemperatureViewController.swift; sourceTree = "<group>"; };
		52CCAAFB2AEB9A4E0026D3D7 /* sensor.png */ = {isa = PBXFileReference; lastKnownFileType = image.png; name = sensor.png; path = ../../../../../Downloads/sensor.png; sourceTree = "<group>"; };
/* End PBXFileReference section */

/* Begin PBXFrameworksBuildPhase section */
		413930A72A8CF3FF003EAE29 /* Frameworks */ = {
			isa = PBXFrameworksBuildPhase;
			buildActionMask = 2147483647;
			files = (
				41A9D3092ACD453200216ACC /* RxSwift in Frameworks */,
				41A9D3272ACE770B00216ACC /* Moya in Frameworks */,
				41A9D3072ACD453200216ACC /* RxRelay in Frameworks */,
				41A9D2E42ABEC9CD00216ACC /* SnapKit in Frameworks */,
				41A9D32A2ACE771500216ACC /* Alamofire in Frameworks */,
				41A9D30E2ACD456300216ACC /* Kingfisher in Frameworks */,
				41A9D3032ACD453200216ACC /* RxBlocking in Frameworks */,
				41A9D3052ACD453200216ACC /* RxCocoa in Frameworks */,
				4181B6B92AACA34B00120FB5 /* PanModal in Frameworks */,
			);
			runOnlyForDeploymentPostprocessing = 0;
		};
/* End PBXFrameworksBuildPhase section */

/* Begin PBXGroup section */
		413930A12A8CF3FF003EAE29 = {
			isa = PBXGroup;
			children = (
				413930AC2A8CF3FF003EAE29 /* Hey_Groot */,
				413930AB2A8CF3FF003EAE29 /* Products */,
			);
			sourceTree = "<group>";
		};
		413930AB2A8CF3FF003EAE29 /* Products */ = {
			isa = PBXGroup;
			children = (
				413930AA2A8CF3FF003EAE29 /* Hey_Groot.app */,
			);
			name = Products;
			sourceTree = "<group>";
		};
		413930AC2A8CF3FF003EAE29 /* Hey_Groot */ = {
			isa = PBXGroup;
			children = (
				41A9D3162ACE57BE00216ACC /* Resources */,
				4181B6BE2AACA5AD00120FB5 /* Domain */,
				41FC4E2C2A924AE8000A018E /* APIs */,
				41FC4E2F2A924B36000A018E /* Model */,
				413930AD2A8CF3FF003EAE29 /* AppDelegate.swift */,
				413930AF2A8CF3FF003EAE29 /* SceneDelegate.swift */,
				417DB5492A92478A00C6498A /* VIew */,
				417DB5482A92477D00C6498A /* ViewController */,
				413930B62A8CF400003EAE29 /* Assets.xcassets */,
				413930B82A8CF400003EAE29 /* LaunchScreen.storyboard */,
				413930BB2A8CF400003EAE29 /* Info.plist */,
			);
			path = Hey_Groot;
			sourceTree = "<group>";
		};
		417DB5482A92477D00C6498A /* ViewController */ = {
			isa = PBXGroup;
			children = (
				52855E732AEA86BC00AE4A69 /* Sensor */,
				41A9D30F2ACD46C600216ACC /* MyPage */,
				41A9D2EE2ACD3FE000216ACC /* SearchDetail */,
				41A9D2E52ACD3EF400216ACC /* SearchController */,
				41A9D2E12ABEC7F600216ACC /* ChatController */,
				41EF6B912A92421D001460F1 /* LoginViewController.swift */,
				41FC4E452A9B9F70000A018E /* RegisterViewController.swift */,
				41FC4E4B2AA4ACBA000A018E /* TabBarViewController.swift */,
				41FC4E4D2AA4AD70000A018E /* HomeViewController.swift */,
				41862C1D2AA7AB5F00F98438 /* AddPlantViewController.swift */,
				4181B6B52AACA2FF00120FB5 /* AddCharacterViewController.swift */,
				4181B6BC2AACA3F800120FB5 /* CharacterCollectionViewCell.swift */,
			);
			path = ViewController;
			sourceTree = "<group>";
		};
		417DB5492A92478A00C6498A /* VIew */ = {
			isa = PBXGroup;
			children = (
				41FC4E492AA04932000A018E /* Main.storyboard */,
				4181B6BA2AACA37800120FB5 /* CharacterCollectionViewCell.xib */,
			);
			path = VIew;
			sourceTree = "<group>";
		};
		4181B6BE2AACA5AD00120FB5 /* Domain */ = {
			isa = PBXGroup;
			children = (
				4181B6C52AAD9A4600120FB5 /* GlobalSpeechCharacter.swift */,
				4181B6C32AACA73A00120FB5 /* GlobalMainCharacter.swift */,
				4181B6C72AADA61300120FB5 /* GlobalCharacter.swift */,
			);
			path = Domain;
			sourceTree = "<group>";
		};
		41A9D2E12ABEC7F600216ACC /* ChatController */ = {
			isa = PBXGroup;
			children = (
				41B7C6BC2A92459900FC188D /* SpeechViewController.swift */,
				41A9D2DD2ABEC75000216ACC /* MyTableViewCell.swift */,
				41A9D2DF2ABEC7A400216ACC /* YourTableViewCell.swift */,
			);
			path = ChatController;
			sourceTree = "<group>";
		};
		41A9D2E52ACD3EF400216ACC /* SearchController */ = {
			isa = PBXGroup;
			children = (
				4104801E2AD26EFC00E1FD59 /* plant_info.csv */,
				41FC4E4F2AA4AD83000A018E /* SearchViewController.swift */,
				41A9D2E62ACD3F1600216ACC /* SearchView.swift */,
				41A9D2E82ACD3F2600216ACC /* SearchViewModel.swift */,
				41A9D2EA2ACD3F3800216ACC /* SarchTableViewCell.swift */,
			);
			path = SearchController;
			sourceTree = "<group>";
		};
		41A9D2EE2ACD3FE000216ACC /* SearchDetail */ = {
			isa = PBXGroup;
			children = (
				41A9D2EF2ACD3FFD00216ACC /* SearchDetailViewController.swift */,
				41A9D2F12ACD400600216ACC /* SearchDetailView.swift */,
				41A9D2F32ACD400F00216ACC /* SearchDetailViewModel.swift */,
				41A9D2F52ACD401600216ACC /* SearchDetailTableViewCell.swift */,
			);
			path = SearchDetail;
			sourceTree = "<group>";
		};
		41A9D30F2ACD46C600216ACC /* MyPage */ = {
			isa = PBXGroup;
			children = (
				52B5BA002AE7EBC500401750 /* AppVersionViewController.swift */,
				52B5B9FC2AE7EBAC00401750 /* BookmarkListViewController.swift */,
				52B5B9FA2AE7EB8800401750 /* SetInfoViewController.swift */,
				52BC8B532B0506D500E5BAD8 /* MyPlantViewController.swift */,
				41FC4E512AA4AD8D000A018E /* MyPageViewController.swift */,
				41A9D3102ACD46DA00216ACC /* MyPageView.swift */,
				41A9D3122ACD46E200216ACC /* MyPageTableViewCell.swift */,
				41A9D3142ACD46EA00216ACC /* MyPageViewModel.swift */,
			);
			path = MyPage;
			sourceTree = "<group>";
		};
		41A9D3162ACE57BE00216ACC /* Resources */ = {
			isa = PBXGroup;
			children = (
				52CCAAFB2AEB9A4E0026D3D7 /* sensor.png */,
				41A9D3192ACE58D600216ACC /* bookmark.png */,
				41A9D3172ACE58CE00216ACC /* bookmark_on.png */,
			);
			path = Resources;
			sourceTree = "<group>";
		};
		41FC4E2C2A924AE8000A018E /* APIs */ = {
			isa = PBXGroup;
			children = (
				41FC4E2D2A924AFF000A018E /* TargetType.swift */,
			);
			path = APIs;
			sourceTree = "<group>";
		};
		41FC4E2F2A924B36000A018E /* Model */ = {
			isa = PBXGroup;
			children = (
				41FC4E332A924D18000A018E /* Auth.swift */,
				41FC4E352A924D31000A018E /* PostLogin.swift */,
				41FC4E372A924D60000A018E /* PostNewUser.swift */,
				41FC4E392A9B1648000A018E /* PostNickName.swift */,
				41FC4E3B2A9B1656000A018E /* SpeechReturn.swift */,
				41FC4E3D2A9B168C000A018E /* WeatherManager.swift */,
				41FC4E3F2A9B169F000A018E /* WeatherModel.swift */,
				41FC4E412A9B16AE000A018E /* WeatherData.swift */,
				41A9D31E2ACE5BCC00216ACC /* Qutile.swift */,
				41A9D3202ACE5C2A00216ACC /* ResponseModel.swift */,
			);
			path = Model;
			sourceTree = "<group>";
		};
		52855E732AEA86BC00AE4A69 /* Sensor */ = {
			isa = PBXGroup;
			children = (
				52855E742AEA86E900AE4A69 /* SensorViewController.swift */,
				52CCAAF92AEB1AD00026D3D7 /* TemperatureViewController.swift */,
				52A3CB622AECE84A00595B73 /* HumidityViewController.swift */,
				52A3CB642AECE86200595B73 /* LuminosityViewController.swift */,
				52A3CB662AECE87300595B73 /* MonitoringViewController.swift */,
				52C75FEB2B067F4500FF229A /* SensorDataModel.swift */,
			);
			path = Sensor;
			sourceTree = "<group>";
		};
/* End PBXGroup section */

/* Begin PBXNativeTarget section */
		413930A92A8CF3FF003EAE29 /* Hey_Groot */ = {
			isa = PBXNativeTarget;
			buildConfigurationList = 413930BE2A8CF400003EAE29 /* Build configuration list for PBXNativeTarget "Hey_Groot" */;
			buildPhases = (
				413930A62A8CF3FF003EAE29 /* Sources */,
				413930A72A8CF3FF003EAE29 /* Frameworks */,
				413930A82A8CF3FF003EAE29 /* Resources */,
			);
			buildRules = (
			);
			dependencies = (
			);
			name = Hey_Groot;
			packageProductDependencies = (
				4181B6B82AACA34B00120FB5 /* PanModal */,
				41A9D2E32ABEC9CD00216ACC /* SnapKit */,
				41A9D3022ACD453200216ACC /* RxBlocking */,
				41A9D3042ACD453200216ACC /* RxCocoa */,
				41A9D3062ACD453200216ACC /* RxRelay */,
				41A9D3082ACD453200216ACC /* RxSwift */,
				41A9D30D2ACD456300216ACC /* Kingfisher */,
				41A9D3262ACE770B00216ACC /* Moya */,
				41A9D3292ACE771500216ACC /* Alamofire */,
			);
			productName = Hey_Groot;
			productReference = 413930AA2A8CF3FF003EAE29 /* Hey_Groot.app */;
			productType = "com.apple.product-type.application";
		};
/* End PBXNativeTarget section */

/* Begin PBXProject section */
		413930A22A8CF3FF003EAE29 /* Project object */ = {
			isa = PBXProject;
			attributes = {
				BuildIndependentTargetsInParallel = 1;
				LastSwiftUpdateCheck = 1410;
				LastUpgradeCheck = 1410;
				TargetAttributes = {
					413930A92A8CF3FF003EAE29 = {
						CreatedOnToolsVersion = 14.1;
					};
				};
			};
			buildConfigurationList = 413930A52A8CF3FF003EAE29 /* Build configuration list for PBXProject "Hey_Groot" */;
			compatibilityVersion = "Xcode 14.0";
			developmentRegion = en;
			hasScannedForEncodings = 0;
			knownRegions = (
				en,
				Base,
			);
			mainGroup = 413930A12A8CF3FF003EAE29;
			packageReferences = (
				4181B6B72AACA34B00120FB5 /* XCRemoteSwiftPackageReference "PanModal" */,
				41A9D2E22ABEC9CD00216ACC /* XCRemoteSwiftPackageReference "SnapKit" */,
				41A9D3012ACD453200216ACC /* XCRemoteSwiftPackageReference "RxSwift" */,
				41A9D30C2ACD456300216ACC /* XCRemoteSwiftPackageReference "Kingfisher" */,
				41A9D3252ACE770B00216ACC /* XCRemoteSwiftPackageReference "Moya" */,
				41A9D3282ACE771500216ACC /* XCRemoteSwiftPackageReference "Alamofire" */,
			);
			productRefGroup = 413930AB2A8CF3FF003EAE29 /* Products */;
			projectDirPath = "";
			projectRoot = "";
			targets = (
				413930A92A8CF3FF003EAE29 /* Hey_Groot */,
			);
		};
/* End PBXProject section */

/* Begin PBXResourcesBuildPhase section */
		413930A82A8CF3FF003EAE29 /* Resources */ = {
			isa = PBXResourcesBuildPhase;
			buildActionMask = 2147483647;
			files = (
				4181B6BB2AACA37800120FB5 /* CharacterCollectionViewCell.xib in Resources */,
				413930BA2A8CF400003EAE29 /* LaunchScreen.storyboard in Resources */,
				4104801F2AD26EFC00E1FD59 /* plant_info.csv in Resources */,
				413930B72A8CF400003EAE29 /* Assets.xcassets in Resources */,
				41A9D3182ACE58CE00216ACC /* bookmark_on.png in Resources */,
				41A9D31A2ACE58D600216ACC /* bookmark.png in Resources */,
				41FC4E4A2AA04932000A018E /* Main.storyboard in Resources */,
				52CCAAFC2AEB9A4E0026D3D7 /* sensor.png in Resources */,
			);
			runOnlyForDeploymentPostprocessing = 0;
		};
/* End PBXResourcesBuildPhase section */

/* Begin PBXSourcesBuildPhase section */
		413930A62A8CF3FF003EAE29 /* Sources */ = {
			isa = PBXSourcesBuildPhase;
			buildActionMask = 2147483647;
			files = (
				41A9D2DE2ABEC75000216ACC /* MyTableViewCell.swift in Sources */,
				41A9D2E02ABEC7A400216ACC /* YourTableViewCell.swift in Sources */,
				4181B6B62AACA2FF00120FB5 /* AddCharacterViewController.swift in Sources */,
				52A3CB652AECE86200595B73 /* LuminosityViewController.swift in Sources */,
				52CCAAFA2AEB1AD00026D3D7 /* TemperatureViewController.swift in Sources */,
				41A9D31F2ACE5BCC00216ACC /* Qutile.swift in Sources */,
				41FC4E3A2A9B1648000A018E /* PostNickName.swift in Sources */,
				41FC4E522AA4AD8D000A018E /* MyPageViewController.swift in Sources */,
				52B5B9FB2AE7EB8800401750 /* SetInfoViewController.swift in Sources */,
				41FC4E422A9B16AE000A018E /* WeatherData.swift in Sources */,
				52B5B9FD2AE7EBAC00401750 /* BookmarkListViewController.swift in Sources */,
				41EF6B922A92421D001460F1 /* LoginViewController.swift in Sources */,
				41FC4E502AA4AD83000A018E /* SearchViewController.swift in Sources */,
				4181B6C42AACA73A00120FB5 /* GlobalMainCharacter.swift in Sources */,
				41A9D3112ACD46DA00216ACC /* MyPageView.swift in Sources */,
				52A3CB632AECE84A00595B73 /* HumidityViewController.swift in Sources */,
				4181B6BD2AACA3F800120FB5 /* CharacterCollectionViewCell.swift in Sources */,
				41A9D3152ACD46EA00216ACC /* MyPageViewModel.swift in Sources */,
				41FC4E3E2A9B168C000A018E /* WeatherManager.swift in Sources */,
				41A9D2F42ACD400F00216ACC /* SearchDetailViewModel.swift in Sources */,
				52855E752AEA86E900AE4A69 /* SensorViewController.swift in Sources */,
				52C75FEC2B067F4500FF229A /* SensorDataModel.swift in Sources */,
				413930AE2A8CF3FF003EAE29 /* AppDelegate.swift in Sources */,
				52B5BA012AE7EBC500401750 /* AppVersionViewController.swift in Sources */,
				41FC4E362A924D31000A018E /* PostLogin.swift in Sources */,
				41862C1E2AA7AB5F00F98438 /* AddPlantViewController.swift in Sources */,
				41A9D3212ACE5C2A00216ACC /* ResponseModel.swift in Sources */,
				41A9D2EB2ACD3F3800216ACC /* SarchTableViewCell.swift in Sources */,
				41B7C6BD2A92459900FC188D /* SpeechViewController.swift in Sources */,
				41A9D2F02ACD3FFD00216ACC /* SearchDetailViewController.swift in Sources */,
				41A9D2F22ACD400600216ACC /* SearchDetailView.swift in Sources */,
				413930B02A8CF3FF003EAE29 /* SceneDelegate.swift in Sources */,
				41A9D3132ACD46E200216ACC /* MyPageTableViewCell.swift in Sources */,
				41FC4E2E2A924AFF000A018E /* TargetType.swift in Sources */,
				41FC4E462A9B9F70000A018E /* RegisterViewController.swift in Sources */,
				41FC4E402A9B169F000A018E /* WeatherModel.swift in Sources */,
				52BC8B542B0506D500E5BAD8 /* MyPlantViewController.swift in Sources */,
				41A9D2E72ACD3F1600216ACC /* SearchView.swift in Sources */,
				41FC4E4E2AA4AD70000A018E /* HomeViewController.swift in Sources */,
				41FC4E3C2A9B1656000A018E /* SpeechReturn.swift in Sources */,
				41A9D2E92ACD3F2600216ACC /* SearchViewModel.swift in Sources */,
				4181B6C62AAD9A4600120FB5 /* GlobalSpeechCharacter.swift in Sources */,
				41A9D2F62ACD401600216ACC /* SearchDetailTableViewCell.swift in Sources */,
				41FC4E342A924D18000A018E /* Auth.swift in Sources */,
				41FC4E4C2AA4ACBA000A018E /* TabBarViewController.swift in Sources */,
				4181B6C82AADA61300120FB5 /* GlobalCharacter.swift in Sources */,
				41FC4E382A924D60000A018E /* PostNewUser.swift in Sources */,
				52A3CB672AECE87300595B73 /* MonitoringViewController.swift in Sources */,
			);
			runOnlyForDeploymentPostprocessing = 0;
		};
/* End PBXSourcesBuildPhase section */

/* Begin PBXVariantGroup section */
		413930B82A8CF400003EAE29 /* LaunchScreen.storyboard */ = {
			isa = PBXVariantGroup;
			children = (
				413930B92A8CF400003EAE29 /* Base */,
			);
			name = LaunchScreen.storyboard;
			sourceTree = "<group>";
		};
/* End PBXVariantGroup section */

/* Begin XCBuildConfiguration section */
		413930BC2A8CF400003EAE29 /* Debug */ = {
			isa = XCBuildConfiguration;
			buildSettings = {
				ALWAYS_SEARCH_USER_PATHS = NO;
				CLANG_ANALYZER_NONNULL = YES;
				CLANG_ANALYZER_NUMBER_OBJECT_CONVERSION = YES_AGGRESSIVE;
				CLANG_CXX_LANGUAGE_STANDARD = "gnu++20";
				CLANG_ENABLE_MODULES = YES;
				CLANG_ENABLE_OBJC_ARC = YES;
				CLANG_ENABLE_OBJC_WEAK = YES;
				CLANG_WARN_BLOCK_CAPTURE_AUTORELEASING = YES;
				CLANG_WARN_BOOL_CONVERSION = YES;
				CLANG_WARN_COMMA = YES;
				CLANG_WARN_CONSTANT_CONVERSION = YES;
				CLANG_WARN_DEPRECATED_OBJC_IMPLEMENTATIONS = YES;
				CLANG_WARN_DIRECT_OBJC_ISA_USAGE = YES_ERROR;
				CLANG_WARN_DOCUMENTATION_COMMENTS = YES;
				CLANG_WARN_EMPTY_BODY = YES;
				CLANG_WARN_ENUM_CONVERSION = YES;
				CLANG_WARN_INFINITE_RECURSION = YES;
				CLANG_WARN_INT_CONVERSION = YES;
				CLANG_WARN_NON_LITERAL_NULL_CONVERSION = YES;
				CLANG_WARN_OBJC_IMPLICIT_RETAIN_SELF = YES;
				CLANG_WARN_OBJC_LITERAL_CONVERSION = YES;
				CLANG_WARN_OBJC_ROOT_CLASS = YES_ERROR;
				CLANG_WARN_QUOTED_INCLUDE_IN_FRAMEWORK_HEADER = YES;
				CLANG_WARN_RANGE_LOOP_ANALYSIS = YES;
				CLANG_WARN_STRICT_PROTOTYPES = YES;
				CLANG_WARN_SUSPICIOUS_MOVE = YES;
				CLANG_WARN_UNGUARDED_AVAILABILITY = YES_AGGRESSIVE;
				CLANG_WARN_UNREACHABLE_CODE = YES;
				CLANG_WARN__DUPLICATE_METHOD_MATCH = YES;
				COPY_PHASE_STRIP = NO;
				DEBUG_INFORMATION_FORMAT = dwarf;
				ENABLE_STRICT_OBJC_MSGSEND = YES;
				ENABLE_TESTABILITY = YES;
				ENABLE_TESTING_SEARCH_PATHS = YES;
				GCC_C_LANGUAGE_STANDARD = gnu11;
				GCC_DYNAMIC_NO_PIC = NO;
				GCC_NO_COMMON_BLOCKS = YES;
				GCC_OPTIMIZATION_LEVEL = 0;
				GCC_PREPROCESSOR_DEFINITIONS = (
					"DEBUG=1",
					"$(inherited)",
				);
				GCC_WARN_64_TO_32_BIT_CONVERSION = YES;
				GCC_WARN_ABOUT_RETURN_TYPE = YES_ERROR;
				GCC_WARN_UNDECLARED_SELECTOR = YES;
				GCC_WARN_UNINITIALIZED_AUTOS = YES_AGGRESSIVE;
				GCC_WARN_UNUSED_FUNCTION = YES;
				GCC_WARN_UNUSED_VARIABLE = YES;
				IPHONEOS_DEPLOYMENT_TARGET = 16.1;
				MTL_ENABLE_DEBUG_INFO = INCLUDE_SOURCE;
				MTL_FAST_MATH = YES;
				ONLY_ACTIVE_ARCH = YES;
				SDKROOT = iphoneos;
				SWIFT_ACTIVE_COMPILATION_CONDITIONS = DEBUG;
				SWIFT_OPTIMIZATION_LEVEL = "-Onone";
			};
			name = Debug;
		};
		413930BD2A8CF400003EAE29 /* Release */ = {
			isa = XCBuildConfiguration;
			buildSettings = {
				ALWAYS_SEARCH_USER_PATHS = NO;
				CLANG_ANALYZER_NONNULL = YES;
				CLANG_ANALYZER_NUMBER_OBJECT_CONVERSION = YES_AGGRESSIVE;
				CLANG_CXX_LANGUAGE_STANDARD = "gnu++20";
				CLANG_ENABLE_MODULES = YES;
				CLANG_ENABLE_OBJC_ARC = YES;
				CLANG_ENABLE_OBJC_WEAK = YES;
				CLANG_WARN_BLOCK_CAPTURE_AUTORELEASING = YES;
				CLANG_WARN_BOOL_CONVERSION = YES;
				CLANG_WARN_COMMA = YES;
				CLANG_WARN_CONSTANT_CONVERSION = YES;
				CLANG_WARN_DEPRECATED_OBJC_IMPLEMENTATIONS = YES;
				CLANG_WARN_DIRECT_OBJC_ISA_USAGE = YES_ERROR;
				CLANG_WARN_DOCUMENTATION_COMMENTS = YES;
				CLANG_WARN_EMPTY_BODY = YES;
				CLANG_WARN_ENUM_CONVERSION = YES;
				CLANG_WARN_INFINITE_RECURSION = YES;
				CLANG_WARN_INT_CONVERSION = YES;
				CLANG_WARN_NON_LITERAL_NULL_CONVERSION = YES;
				CLANG_WARN_OBJC_IMPLICIT_RETAIN_SELF = YES;
				CLANG_WARN_OBJC_LITERAL_CONVERSION = YES;
				CLANG_WARN_OBJC_ROOT_CLASS = YES_ERROR;
				CLANG_WARN_QUOTED_INCLUDE_IN_FRAMEWORK_HEADER = YES;
				CLANG_WARN_RANGE_LOOP_ANALYSIS = YES;
				CLANG_WARN_STRICT_PROTOTYPES = YES;
				CLANG_WARN_SUSPICIOUS_MOVE = YES;
				CLANG_WARN_UNGUARDED_AVAILABILITY = YES_AGGRESSIVE;
				CLANG_WARN_UNREACHABLE_CODE = YES;
				CLANG_WARN__DUPLICATE_METHOD_MATCH = YES;
				COPY_PHASE_STRIP = NO;
				DEBUG_INFORMATION_FORMAT = "dwarf-with-dsym";
				ENABLE_NS_ASSERTIONS = NO;
				ENABLE_STRICT_OBJC_MSGSEND = YES;
				ENABLE_TESTABILITY = YES;
				ENABLE_TESTING_SEARCH_PATHS = YES;
				GCC_C_LANGUAGE_STANDARD = gnu11;
				GCC_NO_COMMON_BLOCKS = YES;
				GCC_WARN_64_TO_32_BIT_CONVERSION = YES;
				GCC_WARN_ABOUT_RETURN_TYPE = YES_ERROR;
				GCC_WARN_UNDECLARED_SELECTOR = YES;
				GCC_WARN_UNINITIALIZED_AUTOS = YES_AGGRESSIVE;
				GCC_WARN_UNUSED_FUNCTION = YES;
				GCC_WARN_UNUSED_VARIABLE = YES;
				IPHONEOS_DEPLOYMENT_TARGET = 16.1;
				MTL_ENABLE_DEBUG_INFO = NO;
				MTL_FAST_MATH = YES;
				SDKROOT = iphoneos;
				SWIFT_COMPILATION_MODE = wholemodule;
				SWIFT_OPTIMIZATION_LEVEL = "-O";
				VALIDATE_PRODUCT = YES;
			};
			name = Release;
		};
		413930BF2A8CF400003EAE29 /* Debug */ = {
			isa = XCBuildConfiguration;
			buildSettings = {
				ASSETCATALOG_COMPILER_APPICON_NAME = AppIcon;
				ASSETCATALOG_COMPILER_GLOBAL_ACCENT_COLOR_NAME = AccentColor;
				CODE_SIGN_STYLE = Automatic;
				CURRENT_PROJECT_VERSION = 1;
				DEVELOPMENT_TEAM = 8ZADC7HJ86;
				GENERATE_INFOPLIST_FILE = YES;
				INFOPLIST_FILE = Hey_Groot/Info.plist;
				INFOPLIST_KEY_NSLocationWhenInUseUsageDescription = "날씨 정보 접근 권한 허용";
				INFOPLIST_KEY_NSMicrophoneUsageDescription = "마이크 사용 권한 허용";
				INFOPLIST_KEY_NSSpeechRecognitionUsageDescription = "음성인식 사용 권한 허용";
				INFOPLIST_KEY_UIApplicationSupportsIndirectInputEvents = YES;
				INFOPLIST_KEY_UILaunchStoryboardName = LaunchScreen;
				INFOPLIST_KEY_UIMainStoryboardFile = Main;
				INFOPLIST_KEY_UISupportedInterfaceOrientations_iPad = "UIInterfaceOrientationPortrait UIInterfaceOrientationPortraitUpsideDown UIInterfaceOrientationLandscapeLeft UIInterfaceOrientationLandscapeRight";
				INFOPLIST_KEY_UISupportedInterfaceOrientations_iPhone = "UIInterfaceOrientationPortrait UIInterfaceOrientationLandscapeLeft UIInterfaceOrientationLandscapeRight";
				LD_RUNPATH_SEARCH_PATHS = (
					"$(inherited)",
					"@executable_path/Frameworks",
				);
				MARKETING_VERSION = 1.0;
				PRODUCT_BUNDLE_IDENTIFIER = com.gang.Heygroot;
				PRODUCT_NAME = "$(TARGET_NAME)";
				SWIFT_EMIT_LOC_STRINGS = YES;
				SWIFT_VERSION = 5.0;
				TARGETED_DEVICE_FAMILY = "1,2";
			};
			name = Debug;
		};
		413930C02A8CF400003EAE29 /* Release */ = {
			isa = XCBuildConfiguration;
			buildSettings = {
				ASSETCATALOG_COMPILER_APPICON_NAME = AppIcon;
				ASSETCATALOG_COMPILER_GLOBAL_ACCENT_COLOR_NAME = AccentColor;
				CODE_SIGN_STYLE = Automatic;
				CURRENT_PROJECT_VERSION = 1;
				DEVELOPMENT_TEAM = 8ZADC7HJ86;
				GENERATE_INFOPLIST_FILE = YES;
				INFOPLIST_FILE = Hey_Groot/Info.plist;
				INFOPLIST_KEY_NSLocationWhenInUseUsageDescription = "날씨 정보 접근 권한 허용";
				INFOPLIST_KEY_NSMicrophoneUsageDescription = "마이크 사용 권한 허용";
				INFOPLIST_KEY_NSSpeechRecognitionUsageDescription = "음성인식 사용 권한 허용";
				INFOPLIST_KEY_UIApplicationSupportsIndirectInputEvents = YES;
				INFOPLIST_KEY_UILaunchStoryboardName = LaunchScreen;
				INFOPLIST_KEY_UIMainStoryboardFile = Main;
				INFOPLIST_KEY_UISupportedInterfaceOrientations_iPad = "UIInterfaceOrientationPortrait UIInterfaceOrientationPortraitUpsideDown UIInterfaceOrientationLandscapeLeft UIInterfaceOrientationLandscapeRight";
				INFOPLIST_KEY_UISupportedInterfaceOrientations_iPhone = "UIInterfaceOrientationPortrait UIInterfaceOrientationLandscapeLeft UIInterfaceOrientationLandscapeRight";
				LD_RUNPATH_SEARCH_PATHS = (
					"$(inherited)",
					"@executable_path/Frameworks",
				);
				MARKETING_VERSION = 1.0;
				PRODUCT_BUNDLE_IDENTIFIER = com.gang.Heygroot;
				PRODUCT_NAME = "$(TARGET_NAME)";
				SWIFT_EMIT_LOC_STRINGS = YES;
				SWIFT_VERSION = 5.0;
				TARGETED_DEVICE_FAMILY = "1,2";
			};
			name = Release;
		};
/* End XCBuildConfiguration section */

/* Begin XCConfigurationList section */
		413930A52A8CF3FF003EAE29 /* Build configuration list for PBXProject "Hey_Groot" */ = {
			isa = XCConfigurationList;
			buildConfigurations = (
				413930BC2A8CF400003EAE29 /* Debug */,
				413930BD2A8CF400003EAE29 /* Release */,
			);
			defaultConfigurationIsVisible = 0;
			defaultConfigurationName = Release;
		};
		413930BE2A8CF400003EAE29 /* Build configuration list for PBXNativeTarget "Hey_Groot" */ = {
			isa = XCConfigurationList;
			buildConfigurations = (
				413930BF2A8CF400003EAE29 /* Debug */,
				413930C02A8CF400003EAE29 /* Release */,
			);
			defaultConfigurationIsVisible = 0;
			defaultConfigurationName = Release;
		};
/* End XCConfigurationList section */

/* Begin XCRemoteSwiftPackageReference section */
		4181B6B72AACA34B00120FB5 /* XCRemoteSwiftPackageReference "PanModal" */ = {
			isa = XCRemoteSwiftPackageReference;
			repositoryURL = "https://github.com/slackhq/PanModal.git";
			requirement = {
				branch = master;
				kind = branch;
			};
		};
		41A9D2E22ABEC9CD00216ACC /* XCRemoteSwiftPackageReference "SnapKit" */ = {
			isa = XCRemoteSwiftPackageReference;
			repositoryURL = "https://github.com/SnapKit/SnapKit.git";
			requirement = {
				kind = upToNextMajorVersion;
				minimumVersion = 5.0.0;
			};
		};
		41A9D3012ACD453200216ACC /* XCRemoteSwiftPackageReference "RxSwift" */ = {
			isa = XCRemoteSwiftPackageReference;
			repositoryURL = "https://github.com/ReactiveX/RxSwift.git";
			requirement = {
				kind = upToNextMajorVersion;
				minimumVersion = 6.0.0;
			};
		};
		41A9D30C2ACD456300216ACC /* XCRemoteSwiftPackageReference "Kingfisher" */ = {
			isa = XCRemoteSwiftPackageReference;
			repositoryURL = "https://github.com/onevcat/Kingfisher";
			requirement = {
				kind = upToNextMajorVersion;
				minimumVersion = 7.0.0;
			};
		};
		41A9D3252ACE770B00216ACC /* XCRemoteSwiftPackageReference "Moya" */ = {
			isa = XCRemoteSwiftPackageReference;
			repositoryURL = "https://github.com/Moya/Moya.git";
			requirement = {
				kind = upToNextMajorVersion;
				minimumVersion = 15.0.0;
			};
		};
		41A9D3282ACE771500216ACC /* XCRemoteSwiftPackageReference "Alamofire" */ = {
			isa = XCRemoteSwiftPackageReference;
			repositoryURL = "https://github.com/Alamofire/Alamofire.git";
			requirement = {
				kind = upToNextMajorVersion;
				minimumVersion = 5.0.0;
			};
		};
/* End XCRemoteSwiftPackageReference section */

/* Begin XCSwiftPackageProductDependency section */
		4181B6B82AACA34B00120FB5 /* PanModal */ = {
			isa = XCSwiftPackageProductDependency;
			package = 4181B6B72AACA34B00120FB5 /* XCRemoteSwiftPackageReference "PanModal" */;
			productName = PanModal;
		};
		41A9D2E32ABEC9CD00216ACC /* SnapKit */ = {
			isa = XCSwiftPackageProductDependency;
			package = 41A9D2E22ABEC9CD00216ACC /* XCRemoteSwiftPackageReference "SnapKit" */;
			productName = SnapKit;
		};
		41A9D3022ACD453200216ACC /* RxBlocking */ = {
			isa = XCSwiftPackageProductDependency;
			package = 41A9D3012ACD453200216ACC /* XCRemoteSwiftPackageReference "RxSwift" */;
			productName = RxBlocking;
		};
		41A9D3042ACD453200216ACC /* RxCocoa */ = {
			isa = XCSwiftPackageProductDependency;
			package = 41A9D3012ACD453200216ACC /* XCRemoteSwiftPackageReference "RxSwift" */;
			productName = RxCocoa;
		};
		41A9D3062ACD453200216ACC /* RxRelay */ = {
			isa = XCSwiftPackageProductDependency;
			package = 41A9D3012ACD453200216ACC /* XCRemoteSwiftPackageReference "RxSwift" */;
			productName = RxRelay;
		};
		41A9D3082ACD453200216ACC /* RxSwift */ = {
			isa = XCSwiftPackageProductDependency;
			package = 41A9D3012ACD453200216ACC /* XCRemoteSwiftPackageReference "RxSwift" */;
			productName = RxSwift;
		};
		41A9D30D2ACD456300216ACC /* Kingfisher */ = {
			isa = XCSwiftPackageProductDependency;
			package = 41A9D30C2ACD456300216ACC /* XCRemoteSwiftPackageReference "Kingfisher" */;
			productName = Kingfisher;
		};
		41A9D3262ACE770B00216ACC /* Moya */ = {
			isa = XCSwiftPackageProductDependency;
			package = 41A9D3252ACE770B00216ACC /* XCRemoteSwiftPackageReference "Moya" */;
			productName = Moya;
		};
		41A9D3292ACE771500216ACC /* Alamofire */ = {
			isa = XCSwiftPackageProductDependency;
			package = 41A9D3282ACE771500216ACC /* XCRemoteSwiftPackageReference "Alamofire" */;
			productName = Alamofire;
		};
/* End XCSwiftPackageProductDependency section */
	};
	rootObject = 413930A22A8CF3FF003EAE29 /* Project object */;
}
